// !$*UTF8*$!
{
	archiveVersion = 1;
	classes = {
	};
	objectVersion = 77;
	objects = {

/* Begin PBXBuildFile section */
		05304207B24046213F8688CC /* BLEVendorProtocol.swift in Sources */ = {isa = PBXBuildFile; fileRef = AA25111D2E5B4AE42DC86314 /* BLEVendorProtocol.swift */; };
		13F0D28834BEC0A97F8649B4 /* main.swift in Sources */ = {isa = PBXBuildFile; fileRef = 80FE79905E04A3D5DF5980A7 /* main.swift */; };
		24F8832D57B5CA014F883D07 /* BridgeClient.swift in Sources */ = {isa = PBXBuildFile; fileRef = CBC2C484CD1D94651BD4512D /* BridgeClient.swift */; };
		2AA37D9328D44A043BC1797B /* AppState.swift in Sources */ = {isa = PBXBuildFile; fileRef = 735DBB570656EFBA45178C01 /* AppState.swift */; };
		397C61C532DA08D78F9CB6BD /* UIPrimitives.swift in Sources */ = {isa = PBXBuildFile; fileRef = D359937361E90C1A97B636F2 /* UIPrimitives.swift */; };
		43644747733E54F58CB09DD4 /* HardwareDpiReliabilityTests.swift in Sources */ = {isa = PBXBuildFile; fileRef = 109F556C2C4892F5ED107EA0 /* HardwareDpiReliabilityTests.swift */; };
		44B7960000E279F52B1AE6F9 /* AppLog.swift in Sources */ = {isa = PBXBuildFile; fileRef = CCC0142FAD4944751B1452EB /* AppLog.swift */; };
		4625DF35839E7B5CA88597FC /* OpenSnekMacApp.swift in Sources */ = {isa = PBXBuildFile; fileRef = 1ABB8AC52B91066D207E1E01 /* OpenSnekMacApp.swift */; };
		54C1FC2CA312D0B12602FDFD /* AppLifecycleDelegate.swift in Sources */ = {isa = PBXBuildFile; fileRef = 4D47B6C617AA71A4F6717063 /* AppLifecycleDelegate.swift */; };
		5A502EAAC1721A8AB78D9B4F /* DeviceSidebarView.swift in Sources */ = {isa = PBXBuildFile; fileRef = EE6D3407DD87665531CC8CFF /* DeviceSidebarView.swift */; };
		7EE9DF0B7F445DC1DC6A5328 /* BLEVendorProtocolTests.swift in Sources */ = {isa = PBXBuildFile; fileRef = 183EE24AA637584AD019CC54 /* BLEVendorProtocolTests.swift */; };
		83861017E0C14B4DCEF0E8F7 /* ContentView.swift in Sources */ = {isa = PBXBuildFile; fileRef = DD68CEC67BE3F18D9D23ACA1 /* ContentView.swift */; };
		B454334BA0C9B1B8A43F6865 /* MouseStateMergeTests.swift in Sources */ = {isa = PBXBuildFile; fileRef = D78F278E58197E4824AB7181 /* MouseStateMergeTests.swift */; };
		B8729BA74DD82C55509BFDEC /* DeviceDetailView.swift in Sources */ = {isa = PBXBuildFile; fileRef = BDD6518FB252D1809770D8D3 /* DeviceDetailView.swift */; };
		CA0C9CDAEACD378DE3ABA460 /* WindowChromeConfigurator.swift in Sources */ = {isa = PBXBuildFile; fileRef = 77C17214587245194D015886 /* WindowChromeConfigurator.swift */; };
		D7F5FD3FFD0B5AAF71B08858 /* Models.swift in Sources */ = {isa = PBXBuildFile; fileRef = 8ED7B90EA76EA0B3777A4439 /* Models.swift */; };
		EDCE22C1FE5F870DBA1051B2 /* BTVendorClient.swift in Sources */ = {isa = PBXBuildFile; fileRef = 3437BBC47580E283D39146C3 /* BTVendorClient.swift */; };
		F46CBEA92C91574950B323AF /* DevicePatchMergeTests.swift in Sources */ = {isa = PBXBuildFile; fileRef = F84CE269783A72D9A2EAE877 /* DevicePatchMergeTests.swift */; };
/* End PBXBuildFile section */

/* Begin PBXContainerItemProxy section */
		A051CA198F83DD78A631AB43 /* PBXContainerItemProxy */ = {
			isa = PBXContainerItemProxy;
			containerPortal = 8BAD09C08B505C5580115C76 /* Project object */;
			proxyType = 1;
			remoteGlobalIDString = 9B78515391572CF28FB6EC67;
			remoteInfo = OpenSnekMac;
		};
/* End PBXContainerItemProxy section */

/* Begin PBXFileReference section */
		109F556C2C4892F5ED107EA0 /* HardwareDpiReliabilityTests.swift */ = {isa = PBXFileReference; lastKnownFileType = sourcecode.swift; path = HardwareDpiReliabilityTests.swift; sourceTree = "<group>"; };
		183EE24AA637584AD019CC54 /* BLEVendorProtocolTests.swift */ = {isa = PBXFileReference; lastKnownFileType = sourcecode.swift; path = BLEVendorProtocolTests.swift; sourceTree = "<group>"; };
		1ABB8AC52B91066D207E1E01 /* OpenSnekMacApp.swift */ = {isa = PBXFileReference; lastKnownFileType = sourcecode.swift; path = OpenSnekMacApp.swift; sourceTree = "<group>"; };
		3437BBC47580E283D39146C3 /* BTVendorClient.swift */ = {isa = PBXFileReference; lastKnownFileType = sourcecode.swift; path = BTVendorClient.swift; sourceTree = "<group>"; };
		35FFC71749693FEB8A25C161 /* OpenSnekMac.app */ = {isa = PBXFileReference; explicitFileType = wrapper.application; includeInIndex = 0; path = OpenSnekMac.app; sourceTree = BUILT_PRODUCTS_DIR; };
		4D47B6C617AA71A4F6717063 /* AppLifecycleDelegate.swift */ = {isa = PBXFileReference; lastKnownFileType = sourcecode.swift; path = AppLifecycleDelegate.swift; sourceTree = "<group>"; };
		735DBB570656EFBA45178C01 /* AppState.swift */ = {isa = PBXFileReference; lastKnownFileType = sourcecode.swift; path = AppState.swift; sourceTree = "<group>"; };
		77C17214587245194D015886 /* WindowChromeConfigurator.swift */ = {isa = PBXFileReference; lastKnownFileType = sourcecode.swift; path = WindowChromeConfigurator.swift; sourceTree = "<group>"; };
		80FE79905E04A3D5DF5980A7 /* main.swift */ = {isa = PBXFileReference; lastKnownFileType = sourcecode.swift; path = main.swift; sourceTree = "<group>"; };
		8ED7B90EA76EA0B3777A4439 /* Models.swift */ = {isa = PBXFileReference; lastKnownFileType = sourcecode.swift; path = Models.swift; sourceTree = "<group>"; };
		A670C5F6C9442D04B02F202E /* OpenSnekMacTests.xctest */ = {isa = PBXFileReference; explicitFileType = wrapper.cfbundle; includeInIndex = 0; path = OpenSnekMacTests.xctest; sourceTree = BUILT_PRODUCTS_DIR; };
		AA25111D2E5B4AE42DC86314 /* BLEVendorProtocol.swift */ = {isa = PBXFileReference; lastKnownFileType = sourcecode.swift; path = BLEVendorProtocol.swift; sourceTree = "<group>"; };
		BDD6518FB252D1809770D8D3 /* DeviceDetailView.swift */ = {isa = PBXFileReference; lastKnownFileType = sourcecode.swift; path = DeviceDetailView.swift; sourceTree = "<group>"; };
		CBC2C484CD1D94651BD4512D /* BridgeClient.swift */ = {isa = PBXFileReference; lastKnownFileType = sourcecode.swift; path = BridgeClient.swift; sourceTree = "<group>"; };
		CCC0142FAD4944751B1452EB /* AppLog.swift */ = {isa = PBXFileReference; lastKnownFileType = sourcecode.swift; path = AppLog.swift; sourceTree = "<group>"; };
		D359937361E90C1A97B636F2 /* UIPrimitives.swift */ = {isa = PBXFileReference; lastKnownFileType = sourcecode.swift; path = UIPrimitives.swift; sourceTree = "<group>"; };
		D78F278E58197E4824AB7181 /* MouseStateMergeTests.swift */ = {isa = PBXFileReference; lastKnownFileType = sourcecode.swift; path = MouseStateMergeTests.swift; sourceTree = "<group>"; };
		D8BBC1E95C8543C476C46101 /* OpenSnekProbe */ = {isa = PBXFileReference; includeInIndex = 0; path = OpenSnekProbe; sourceTree = BUILT_PRODUCTS_DIR; };
		DD68CEC67BE3F18D9D23ACA1 /* ContentView.swift */ = {isa = PBXFileReference; lastKnownFileType = sourcecode.swift; path = ContentView.swift; sourceTree = "<group>"; };
		EE6D3407DD87665531CC8CFF /* DeviceSidebarView.swift */ = {isa = PBXFileReference; lastKnownFileType = sourcecode.swift; path = DeviceSidebarView.swift; sourceTree = "<group>"; };
		F84CE269783A72D9A2EAE877 /* DevicePatchMergeTests.swift */ = {isa = PBXFileReference; lastKnownFileType = sourcecode.swift; path = DevicePatchMergeTests.swift; sourceTree = "<group>"; };
/* End PBXFileReference section */

/* Begin PBXGroup section */
		11D27CC6266D4AB93069C49B /* Bridge */ = {
			isa = PBXGroup;
			children = (
				AA25111D2E5B4AE42DC86314 /* BLEVendorProtocol.swift */,
				CBC2C484CD1D94651BD4512D /* BridgeClient.swift */,
				3437BBC47580E283D39146C3 /* BTVendorClient.swift */,
			);
			path = Bridge;
			sourceTree = "<group>";
		};
		32667DF7A3C83314B4215C44 /* Domain */ = {
			isa = PBXGroup;
			children = (
				8ED7B90EA76EA0B3777A4439 /* Models.swift */,
			);
			path = Domain;
			sourceTree = "<group>";
		};
		32B6F6FFCEE1A27FE80C198E /* Services */ = {
			isa = PBXGroup;
			children = (
				CCC0142FAD4944751B1452EB /* AppLog.swift */,
				735DBB570656EFBA45178C01 /* AppState.swift */,
			);
			path = Services;
			sourceTree = "<group>";
		};
		52A28DAF71E68F11017C9DF8 /* OpenSnekProbe */ = {
			isa = PBXGroup;
			children = (
				80FE79905E04A3D5DF5980A7 /* main.swift */,
			);
			name = OpenSnekProbe;
			path = Sources/OpenSnekProbe;
			sourceTree = "<group>";
		};
		56BD869FB0D6A3B50B4F252C = {
			isa = PBXGroup;
			children = (
				885EF3F860F4B76D107EADCE /* OpenSnekMac */,
				A682FEC749D9A84EAAD77737 /* OpenSnekMacTests */,
				52A28DAF71E68F11017C9DF8 /* OpenSnekProbe */,
				9D708BC2C8A600A6DC7C36F2 /* Products */,
			);
			sourceTree = "<group>";
		};
		885EF3F860F4B76D107EADCE /* OpenSnekMac */ = {
			isa = PBXGroup;
			children = (
				4D47B6C617AA71A4F6717063 /* AppLifecycleDelegate.swift */,
				1ABB8AC52B91066D207E1E01 /* OpenSnekMacApp.swift */,
				11D27CC6266D4AB93069C49B /* Bridge */,
				32667DF7A3C83314B4215C44 /* Domain */,
				32B6F6FFCEE1A27FE80C198E /* Services */,
				ADAC471F540E9F678050377B /* UI */,
			);
			name = OpenSnekMac;
			path = Sources/OpenSnekMac;
			sourceTree = "<group>";
		};
		9D708BC2C8A600A6DC7C36F2 /* Products */ = {
			isa = PBXGroup;
			children = (
				35FFC71749693FEB8A25C161 /* OpenSnekMac.app */,
				A670C5F6C9442D04B02F202E /* OpenSnekMacTests.xctest */,
				D8BBC1E95C8543C476C46101 /* OpenSnekProbe */,
			);
			name = Products;
			sourceTree = "<group>";
		};
		A682FEC749D9A84EAAD77737 /* OpenSnekMacTests */ = {
			isa = PBXGroup;
			children = (
				183EE24AA637584AD019CC54 /* BLEVendorProtocolTests.swift */,
				F84CE269783A72D9A2EAE877 /* DevicePatchMergeTests.swift */,
				109F556C2C4892F5ED107EA0 /* HardwareDpiReliabilityTests.swift */,
				D78F278E58197E4824AB7181 /* MouseStateMergeTests.swift */,
			);
			name = OpenSnekMacTests;
			path = Tests/OpenSnekMacTests;
			sourceTree = "<group>";
		};
		ADAC471F540E9F678050377B /* UI */ = {
			isa = PBXGroup;
			children = (
				DD68CEC67BE3F18D9D23ACA1 /* ContentView.swift */,
				BDD6518FB252D1809770D8D3 /* DeviceDetailView.swift */,
				EE6D3407DD87665531CC8CFF /* DeviceSidebarView.swift */,
				D359937361E90C1A97B636F2 /* UIPrimitives.swift */,
				77C17214587245194D015886 /* WindowChromeConfigurator.swift */,
			);
			path = UI;
			sourceTree = "<group>";
		};
/* End PBXGroup section */

/* Begin PBXNativeTarget section */
		9B78515391572CF28FB6EC67 /* OpenSnekMac */ = {
			isa = PBXNativeTarget;
			buildConfigurationList = E82038C4872FDDC54F1F4F73 /* Build configuration list for PBXNativeTarget "OpenSnekMac" */;
			buildPhases = (
				796917F98CFA464B45D239BA /* Sources */,
			);
			buildRules = (
			);
			dependencies = (
			);
			name = OpenSnekMac;
			packageProductDependencies = (
			);
			productName = OpenSnekMac;
			productReference = 35FFC71749693FEB8A25C161 /* OpenSnekMac.app */;
			productType = "com.apple.product-type.application";
		};
		DECF68EAA9E5C7C91BE6B9B6 /* OpenSnekProbe */ = {
			isa = PBXNativeTarget;
			buildConfigurationList = 21001EA79A525C447EFB006B /* Build configuration list for PBXNativeTarget "OpenSnekProbe" */;
			buildPhases = (
				0345489E61A84FD54390264B /* Sources */,
			);
			buildRules = (
			);
			dependencies = (
			);
			name = OpenSnekProbe;
			packageProductDependencies = (
			);
			productName = OpenSnekProbe;
			productReference = D8BBC1E95C8543C476C46101 /* OpenSnekProbe */;
			productType = "com.apple.product-type.tool";
		};
		EAA774B8EC59C916AF1EEC59 /* OpenSnekMacTests */ = {
			isa = PBXNativeTarget;
			buildConfigurationList = 3A396A321CA80308946C7EC3 /* Build configuration list for PBXNativeTarget "OpenSnekMacTests" */;
			buildPhases = (
				03DF2EBB343B93F43D7E0B13 /* Sources */,
			);
			buildRules = (
			);
			dependencies = (
				AD46E2E1DE0DCABCA73A18DF /* PBXTargetDependency */,
			);
			name = OpenSnekMacTests;
			packageProductDependencies = (
			);
			productName = OpenSnekMacTests;
			productReference = A670C5F6C9442D04B02F202E /* OpenSnekMacTests.xctest */;
			productType = "com.apple.product-type.bundle.unit-test";
		};
/* End PBXNativeTarget section */

/* Begin PBXProject section */
		8BAD09C08B505C5580115C76 /* Project object */ = {
			isa = PBXProject;
			attributes = {
				BuildIndependentTargetsInParallel = YES;
				LastUpgradeCheck = 1430;
				TargetAttributes = {
					9B78515391572CF28FB6EC67 = {
						ProvisioningStyle = Automatic;
					};
				};
			};
			buildConfigurationList = 5BADB57C4E11DFE00CBE0ABA /* Build configuration list for PBXProject "OpenSnekMac" */;
			developmentRegion = en;
			hasScannedForEncodings = 0;
			knownRegions = (
				Base,
				en,
			);
			mainGroup = 56BD869FB0D6A3B50B4F252C;
			minimizedProjectReferenceProxies = 1;
			preferredProjectObjectVersion = 77;
			productRefGroup = 9D708BC2C8A600A6DC7C36F2 /* Products */;
			projectDirPath = "";
			projectRoot = "";
			targets = (
				9B78515391572CF28FB6EC67 /* OpenSnekMac */,
				EAA774B8EC59C916AF1EEC59 /* OpenSnekMacTests */,
				DECF68EAA9E5C7C91BE6B9B6 /* OpenSnekProbe */,
			);
		};
/* End PBXProject section */

/* Begin PBXSourcesBuildPhase section */
		0345489E61A84FD54390264B /* Sources */ = {
			isa = PBXSourcesBuildPhase;
			buildActionMask = 2147483647;
			files = (
				13F0D28834BEC0A97F8649B4 /* main.swift in Sources */,
			);
			runOnlyForDeploymentPostprocessing = 0;
		};
		03DF2EBB343B93F43D7E0B13 /* Sources */ = {
			isa = PBXSourcesBuildPhase;
			buildActionMask = 2147483647;
			files = (
				7EE9DF0B7F445DC1DC6A5328 /* BLEVendorProtocolTests.swift in Sources */,
				F46CBEA92C91574950B323AF /* DevicePatchMergeTests.swift in Sources */,
				43644747733E54F58CB09DD4 /* HardwareDpiReliabilityTests.swift in Sources */,
				B454334BA0C9B1B8A43F6865 /* MouseStateMergeTests.swift in Sources */,
			);
			runOnlyForDeploymentPostprocessing = 0;
		};
		796917F98CFA464B45D239BA /* Sources */ = {
			isa = PBXSourcesBuildPhase;
			buildActionMask = 2147483647;
			files = (
				54C1FC2CA312D0B12602FDFD /* AppLifecycleDelegate.swift in Sources */,
				44B7960000E279F52B1AE6F9 /* AppLog.swift in Sources */,
				2AA37D9328D44A043BC1797B /* AppState.swift in Sources */,
				05304207B24046213F8688CC /* BLEVendorProtocol.swift in Sources */,
				EDCE22C1FE5F870DBA1051B2 /* BTVendorClient.swift in Sources */,
				24F8832D57B5CA014F883D07 /* BridgeClient.swift in Sources */,
				83861017E0C14B4DCEF0E8F7 /* ContentView.swift in Sources */,
				B8729BA74DD82C55509BFDEC /* DeviceDetailView.swift in Sources */,
				5A502EAAC1721A8AB78D9B4F /* DeviceSidebarView.swift in Sources */,
				D7F5FD3FFD0B5AAF71B08858 /* Models.swift in Sources */,
				4625DF35839E7B5CA88597FC /* OpenSnekMacApp.swift in Sources */,
				397C61C532DA08D78F9CB6BD /* UIPrimitives.swift in Sources */,
				CA0C9CDAEACD378DE3ABA460 /* WindowChromeConfigurator.swift in Sources */,
			);
			runOnlyForDeploymentPostprocessing = 0;
		};
/* End PBXSourcesBuildPhase section */

/* Begin PBXTargetDependency section */
		AD46E2E1DE0DCABCA73A18DF /* PBXTargetDependency */ = {
			isa = PBXTargetDependency;
			target = 9B78515391572CF28FB6EC67 /* OpenSnekMac */;
			targetProxy = A051CA198F83DD78A631AB43 /* PBXContainerItemProxy */;
		};
/* End PBXTargetDependency section */

/* Begin XCBuildConfiguration section */
		10F03116EFFA8733BBB20903 /* Debug */ = {
			isa = XCBuildConfiguration;
			buildSettings = {
				ALWAYS_SEARCH_USER_PATHS = NO;
				CLANG_ANALYZER_NONNULL = YES;
				CLANG_ANALYZER_NUMBER_OBJECT_CONVERSION = YES_AGGRESSIVE;
				CLANG_CXX_LANGUAGE_STANDARD = "gnu++14";
				CLANG_CXX_LIBRARY = "libc++";
				CLANG_ENABLE_MODULES = YES;
				CLANG_ENABLE_OBJC_ARC = YES;
				CLANG_ENABLE_OBJC_WEAK = YES;
				CLANG_WARN_BLOCK_CAPTURE_AUTORELEASING = YES;
				CLANG_WARN_BOOL_CONVERSION = YES;
				CLANG_WARN_COMMA = YES;
				CLANG_WARN_CONSTANT_CONVERSION = YES;
				CLANG_WARN_DEPRECATED_OBJC_IMPLEMENTATIONS = YES;
				CLANG_WARN_DIRECT_OBJC_ISA_USAGE = YES_ERROR;
				CLANG_WARN_DOCUMENTATION_COMMENTS = YES;
				CLANG_WARN_EMPTY_BODY = YES;
				CLANG_WARN_ENUM_CONVERSION = YES;
				CLANG_WARN_INFINITE_RECURSION = YES;
				CLANG_WARN_INT_CONVERSION = YES;
				CLANG_WARN_NON_LITERAL_NULL_CONVERSION = YES;
				CLANG_WARN_OBJC_IMPLICIT_RETAIN_SELF = YES;
				CLANG_WARN_OBJC_LITERAL_CONVERSION = YES;
				CLANG_WARN_OBJC_ROOT_CLASS = YES_ERROR;
				CLANG_WARN_QUOTED_INCLUDE_IN_FRAMEWORK_HEADER = YES;
				CLANG_WARN_RANGE_LOOP_ANALYSIS = YES;
				CLANG_WARN_STRICT_PROTOTYPES = YES;
				CLANG_WARN_SUSPICIOUS_MOVE = YES;
				CLANG_WARN_UNGUARDED_AVAILABILITY = YES_AGGRESSIVE;
				CLANG_WARN_UNREACHABLE_CODE = YES;
				CLANG_WARN__DUPLICATE_METHOD_MATCH = YES;
				COPY_PHASE_STRIP = NO;
				CURRENT_PROJECT_VERSION = 1;
				DEBUG_INFORMATION_FORMAT = dwarf;
				ENABLE_STRICT_OBJC_MSGSEND = YES;
				ENABLE_TESTABILITY = YES;
				GCC_C_LANGUAGE_STANDARD = gnu11;
				GCC_DYNAMIC_NO_PIC = NO;
				GCC_NO_COMMON_BLOCKS = YES;
				GCC_OPTIMIZATION_LEVEL = 0;
				GCC_PREPROCESSOR_DEFINITIONS = (
					"$(inherited)",
					"DEBUG=1",
				);
				GCC_WARN_64_TO_32_BIT_CONVERSION = YES;
				GCC_WARN_ABOUT_RETURN_TYPE = YES_ERROR;
				GCC_WARN_UNDECLARED_SELECTOR = YES;
				GCC_WARN_UNINITIALIZED_AUTOS = YES_AGGRESSIVE;
				GCC_WARN_UNUSED_FUNCTION = YES;
				GCC_WARN_UNUSED_VARIABLE = YES;
				MACOSX_DEPLOYMENT_TARGET = 14.0;
				MARKETING_VERSION = 0.1.0;
				MTL_ENABLE_DEBUG_INFO = INCLUDE_SOURCE;
				MTL_FAST_MATH = YES;
				ONLY_ACTIVE_ARCH = YES;
				PRODUCT_NAME = "$(TARGET_NAME)";
				SDKROOT = macosx;
				SWIFT_ACTIVE_COMPILATION_CONDITIONS = DEBUG;
				SWIFT_OPTIMIZATION_LEVEL = "-Onone";
				SWIFT_VERSION = 6.0;
			};
			name = Debug;
		};
		44A4E945CFB7CA566110C510 /* Release */ = {
			isa = XCBuildConfiguration;
			buildSettings = {
				COMBINE_HIDPI_IMAGES = YES;
				GENERATE_INFOPLIST_FILE = YES;
				LD_RUNPATH_SEARCH_PATHS = (
					"$(inherited)",
					"@executable_path/../Frameworks",
				);
				MACOSX_DEPLOYMENT_TARGET = 14.0;
				OTHER_SWIFT_FLAGS = (
					"-parse-as-library",
				);
				PRODUCT_NAME = OpenSnekProbe;
				SDKROOT = macosx;
			};
			name = Release;
		};
		54BBBFB6C9E623BA8E5A0B31 /* Release */ = {
			isa = XCBuildConfiguration;
			buildSettings = {
				ALWAYS_SEARCH_USER_PATHS = NO;
				CLANG_ANALYZER_NONNULL = YES;
				CLANG_ANALYZER_NUMBER_OBJECT_CONVERSION = YES_AGGRESSIVE;
				CLANG_CXX_LANGUAGE_STANDARD = "gnu++14";
				CLANG_CXX_LIBRARY = "libc++";
				CLANG_ENABLE_MODULES = YES;
				CLANG_ENABLE_OBJC_ARC = YES;
				CLANG_ENABLE_OBJC_WEAK = YES;
				CLANG_WARN_BLOCK_CAPTURE_AUTORELEASING = YES;
				CLANG_WARN_BOOL_CONVERSION = YES;
				CLANG_WARN_COMMA = YES;
				CLANG_WARN_CONSTANT_CONVERSION = YES;
				CLANG_WARN_DEPRECATED_OBJC_IMPLEMENTATIONS = YES;
				CLANG_WARN_DIRECT_OBJC_ISA_USAGE = YES_ERROR;
				CLANG_WARN_DOCUMENTATION_COMMENTS = YES;
				CLANG_WARN_EMPTY_BODY = YES;
				CLANG_WARN_ENUM_CONVERSION = YES;
				CLANG_WARN_INFINITE_RECURSION = YES;
				CLANG_WARN_INT_CONVERSION = YES;
				CLANG_WARN_NON_LITERAL_NULL_CONVERSION = YES;
				CLANG_WARN_OBJC_IMPLICIT_RETAIN_SELF = YES;
				CLANG_WARN_OBJC_LITERAL_CONVERSION = YES;
				CLANG_WARN_OBJC_ROOT_CLASS = YES_ERROR;
				CLANG_WARN_QUOTED_INCLUDE_IN_FRAMEWORK_HEADER = YES;
				CLANG_WARN_RANGE_LOOP_ANALYSIS = YES;
				CLANG_WARN_STRICT_PROTOTYPES = YES;
				CLANG_WARN_SUSPICIOUS_MOVE = YES;
				CLANG_WARN_UNGUARDED_AVAILABILITY = YES_AGGRESSIVE;
				CLANG_WARN_UNREACHABLE_CODE = YES;
				CLANG_WARN__DUPLICATE_METHOD_MATCH = YES;
				COPY_PHASE_STRIP = NO;
				CURRENT_PROJECT_VERSION = 1;
				DEBUG_INFORMATION_FORMAT = "dwarf-with-dsym";
				ENABLE_NS_ASSERTIONS = NO;
				ENABLE_STRICT_OBJC_MSGSEND = YES;
				GCC_C_LANGUAGE_STANDARD = gnu11;
				GCC_NO_COMMON_BLOCKS = YES;
				GCC_WARN_64_TO_32_BIT_CONVERSION = YES;
				GCC_WARN_ABOUT_RETURN_TYPE = YES_ERROR;
				GCC_WARN_UNDECLARED_SELECTOR = YES;
				GCC_WARN_UNINITIALIZED_AUTOS = YES_AGGRESSIVE;
				GCC_WARN_UNUSED_FUNCTION = YES;
				GCC_WARN_UNUSED_VARIABLE = YES;
				MACOSX_DEPLOYMENT_TARGET = 14.0;
				MARKETING_VERSION = 0.1.0;
				MTL_ENABLE_DEBUG_INFO = NO;
				MTL_FAST_MATH = YES;
				PRODUCT_NAME = "$(TARGET_NAME)";
				SDKROOT = macosx;
				SWIFT_COMPILATION_MODE = wholemodule;
				SWIFT_OPTIMIZATION_LEVEL = "-O";
				SWIFT_VERSION = 6.0;
			};
			name = Release;
		};
		7577C348B249CA553EC0DFE6 /* Debug */ = {
			isa = XCBuildConfiguration;
			buildSettings = {
				ASSETCATALOG_COMPILER_APPICON_NAME = AppIcon;
				CODE_SIGN_STYLE = Automatic;
				COMBINE_HIDPI_IMAGES = YES;
				ENABLE_HARDENED_RUNTIME = YES;
				INFOPLIST_FILE = App/Info.plist;
				LD_RUNPATH_SEARCH_PATHS = (
					"$(inherited)",
					"@executable_path/../Frameworks",
				);
				MACOSX_DEPLOYMENT_TARGET = 14.0;
				PRODUCT_BUNDLE_IDENTIFIER = io.opensnek.OpenSnekMac;
				PRODUCT_NAME = OpenSnekMac;
				SDKROOT = macosx;
				SUPPORTS_MACCATALYST = NO;
			};
			name = Debug;
		};
		898DD208914019BD6D089BD9 /* Debug */ = {
			isa = XCBuildConfiguration;
			buildSettings = {
				COMBINE_HIDPI_IMAGES = YES;
				GENERATE_INFOPLIST_FILE = YES;
				LD_RUNPATH_SEARCH_PATHS = (
					"$(inherited)",
					"@executable_path/../Frameworks",
				);
				MACOSX_DEPLOYMENT_TARGET = 14.0;
				OTHER_SWIFT_FLAGS = (
					"-parse-as-library",
				);
				PRODUCT_NAME = OpenSnekProbe;
				SDKROOT = macosx;
			};
			name = Debug;
		};
		B0BCB03C282D19A63BAB0F69 /* Release */ = {
			isa = XCBuildConfiguration;
			buildSettings = {
				ASSETCATALOG_COMPILER_APPICON_NAME = AppIcon;
				CODE_SIGN_STYLE = Automatic;
				COMBINE_HIDPI_IMAGES = YES;
				ENABLE_HARDENED_RUNTIME = YES;
				INFOPLIST_FILE = App/Info.plist;
				LD_RUNPATH_SEARCH_PATHS = (
					"$(inherited)",
					"@executable_path/../Frameworks",
				);
				MACOSX_DEPLOYMENT_TARGET = 14.0;
				PRODUCT_BUNDLE_IDENTIFIER = io.opensnek.OpenSnekMac;
				PRODUCT_NAME = OpenSnekMac;
				SDKROOT = macosx;
				SUPPORTS_MACCATALYST = NO;
			};
			name = Release;
		};
		B72A215A520E50069061F787 /* Debug */ = {
			isa = XCBuildConfiguration;
			buildSettings = {
				BUNDLE_LOADER = "$(TEST_HOST)";
				COMBINE_HIDPI_IMAGES = YES;
				GENERATE_INFOPLIST_FILE = YES;
				LD_RUNPATH_SEARCH_PATHS = (
					"$(inherited)",
					"@executable_path/../Frameworks",
					"@loader_path/../Frameworks",
				);
				MACOSX_DEPLOYMENT_TARGET = 14.0;
				PRODUCT_BUNDLE_IDENTIFIER = io.opensnek.OpenSnekMacTests;
				SDKROOT = macosx;
				TEST_HOST = "$(BUILT_PRODUCTS_DIR)/OpenSnekMac.app/Contents/MacOS/OpenSnekMac";
			};
			name = Debug;
		};
		C53F635A9ABA7C016BDE02C0 /* Release */ = {
			isa = XCBuildConfiguration;
			buildSettings = {
				BUNDLE_LOADER = "$(TEST_HOST)";
				COMBINE_HIDPI_IMAGES = YES;
				GENERATE_INFOPLIST_FILE = YES;
				LD_RUNPATH_SEARCH_PATHS = (
					"$(inherited)",
					"@executable_path/../Frameworks",
					"@loader_path/../Frameworks",
				);
				MACOSX_DEPLOYMENT_TARGET = 14.0;
				PRODUCT_BUNDLE_IDENTIFIER = io.opensnek.OpenSnekMacTests;
				SDKROOT = macosx;
				TEST_HOST = "$(BUILT_PRODUCTS_DIR)/OpenSnekMac.app/Contents/MacOS/OpenSnekMac";
			};
			name = Release;
		};
/* End XCBuildConfiguration section */

/* Begin XCConfigurationList section */
		21001EA79A525C447EFB006B /* Build configuration list for PBXNativeTarget "OpenSnekProbe" */ = {
			isa = XCConfigurationList;
			buildConfigurations = (
				898DD208914019BD6D089BD9 /* Debug */,
				44A4E945CFB7CA566110C510 /* Release */,
			);
			defaultConfigurationIsVisible = 0;
			defaultConfigurationName = Debug;
		};
		3A396A321CA80308946C7EC3 /* Build configuration list for PBXNativeTarget "OpenSnekMacTests" */ = {
			isa = XCConfigurationList;
			buildConfigurations = (
				B72A215A520E50069061F787 /* Debug */,
				C53F635A9ABA7C016BDE02C0 /* Release */,
			);
			defaultConfigurationIsVisible = 0;
			defaultConfigurationName = Debug;
		};
		5BADB57C4E11DFE00CBE0ABA /* Build configuration list for PBXProject "OpenSnekMac" */ = {
			isa = XCConfigurationList;
			buildConfigurations = (
				10F03116EFFA8733BBB20903 /* Debug */,
				54BBBFB6C9E623BA8E5A0B31 /* Release */,
			);
			defaultConfigurationIsVisible = 0;
			defaultConfigurationName = Debug;
		};
		E82038C4872FDDC54F1F4F73 /* Build configuration list for PBXNativeTarget "OpenSnekMac" */ = {
			isa = XCConfigurationList;
			buildConfigurations = (
				7577C348B249CA553EC0DFE6 /* Debug */,
				B0BCB03C282D19A63BAB0F69 /* Release */,
			);
			defaultConfigurationIsVisible = 0;
			defaultConfigurationName = Debug;
		};
/* End XCConfigurationList section */
	};
	rootObject = 8BAD09C08B505C5580115C76 /* Project object */;
}
